Microsoft Visual Studio Solution File, Format Version 12.00
# Visual Studio Version 17
VisualStudioVersion = 17.0.31903.59
MinimumVisualStudioVersion = 10.0.40219.1
Project("{FAE04EC0-301F-11D3-BF4B-00C04F79EFBC}") = "ParkingFeeControl", "cs-parking-fees\ParkingFeeControl.csproj", "{206036BD-D797-4620-A9C2-67AAE4C3D28B}"
EndProject
Project("{2150E333-8FDC-42A3-9474-1A3956D46DE8}") = "Solution Items", "Solution Items", "{6355BF87-428D-4E78-93C6-15E3C9058BB2}"
	ProjectSection(SolutionItems) = preProject
		.gitattributes = .gitattributes
		.gitignore = .gitignore
		ARCHITECTURE.md = ARCHITECTURE.md
		compile.sh = compile.sh
		LICENSE = LICENSE
		README.md = README.md
		THIRD-PARTY-NOTICES.md = THIRD-PARTY-NOTICES.md
	EndProjectSection
EndProject
Project("{2150E333-8FDC-42A3-9474-1A3956D46DE8}") = "parking-fees-ui", "parking-fees-ui", "{9F727446-485C-4FA0-860F-F59882BBFD41}"
	ProjectSection(SolutionItems) = preProject
		parking-fees-ui\.gitignore = parking-fees-ui\.gitignore
		parking-fees-ui\mod.json = parking-fees-ui\mod.json
		parking-fees-ui\package.json = parking-fees-ui\package.json
		parking-fees-ui\package-lock.json = parking-fees-ui\package-lock.json
		parking-fees-ui\tsconfig.json = parking-fees-ui\tsconfig.json
		parking-fees-ui\webpack.config.js = parking-fees-ui\webpack.config.js
	EndProjectSection
EndProject
Project("{2150E333-8FDC-42A3-9474-1A3956D46DE8}") = "src", "src", "{C164A70B-90F3-471A-A81A-B5753E9CF729}"
	ProjectSection(SolutionItems) = preProject
		parking-fees-ui\src\index.tsx = parking-fees-ui\src\index.tsx
	EndProjectSection
EndProject
Project("{2150E333-8FDC-42A3-9474-1A3956D46DE8}") = "components", "components", "{C8714B8F-86D0-44D1-8258-CBBA03C2398F}"
	ProjectSection(SolutionItems) = preProject
		parking-fees-ui\src\components\CategoryRow.tsx = parking-fees-ui\src\components\CategoryRow.tsx
		parking-fees-ui\src\components\FeeSlider.tsx = parking-fees-ui\src\components\FeeSlider.tsx
		parking-fees-ui\src\components\ParkingFeeApp.tsx = parking-fees-ui\src\components\ParkingFeeApp.tsx
		parking-fees-ui\src\components\ParkingFeePanel.tsx = parking-fees-ui\src\components\ParkingFeePanel.tsx
		parking-fees-ui\src\components\PrefabRow.tsx = parking-fees-ui\src\components\PrefabRow.tsx
		parking-fees-ui\src\components\ToolbarButton.tsx = parking-fees-ui\src\components\ToolbarButton.tsx
	EndProjectSection
EndProject
Project("{2150E333-8FDC-42A3-9474-1A3956D46DE8}") = "mods", "mods", "{0945834A-B3A5-4059-93BC-7C24DB6A7991}"
	ProjectSection(SolutionItems) = preProject
		parking-fees-ui\src\mods\VanillaComponentResolver.tsx = parking-fees-ui\src\mods\VanillaComponentResolver.tsx
	EndProjectSection
EndProject
Project("{2150E333-8FDC-42A3-9474-1A3956D46DE8}") = "types", "types", "{303E82DD-D54C-4622-9E59-58A86B78E3B1}"
	ProjectSection(SolutionItems) = preProject
		parking-fees-ui\src\types\parking-types.ts = parking-fees-ui\src\types\parking-types.ts
	EndProjectSection
EndProject
Project("{2150E333-8FDC-42A3-9474-1A3956D46DE8}") = "utils", "utils", "{8FB9F365-7B62-4640-8CC7-D3A7462C8321}"
	ProjectSection(SolutionItems) = preProject
		parking-fees-ui\src\utils\icon.ts = parking-fees-ui\src\utils\icon.ts
	EndProjectSection
EndProject
Project("{2150E333-8FDC-42A3-9474-1A3956D46DE8}") = "types", "types", "{23DCA206-54A7-4B2D-88DA-E4C968EB1C7A}"
	ProjectSection(SolutionItems) = preProject
		parking-fees-ui\types\api.d.ts = parking-fees-ui\types\api.d.ts
		parking-fees-ui\types\assets.d.ts = parking-fees-ui\types\assets.d.ts
		parking-fees-ui\types\bindings.d.ts = parking-fees-ui\types\bindings.d.ts
		parking-fees-ui\types\input.d.ts = parking-fees-ui\types\input.d.ts
		parking-fees-ui\types\l10n.d.ts = parking-fees-ui\types\l10n.d.ts
		parking-fees-ui\types\modding.d.ts = parking-fees-ui\types\modding.d.ts
		parking-fees-ui\types\ui.d.ts = parking-fees-ui\types\ui.d.ts
	EndProjectSection
EndProject
Project("{2150E333-8FDC-42A3-9474-1A3956D46DE8}") = "pdx", "pdx", "{3083F2B5-2174-4F85-950D-7862BF28AAE0}"
	ProjectSection(SolutionItems) = preProject
		pdx\ABOUT.md = pdx\ABOUT.md
		pdx\CHANGELOG.md = pdx\CHANGELOG.md
		pdx\logo-resized.psd = pdx\logo-resized.psd
		pdx\pfc-logo.png = pdx\pfc-logo.png
		pdx\pfc-logo-resized.png = pdx\pfc-logo-resized.png
		pdx\screen1.png = pdx\screen1.png
		pdx\screen2.png = pdx\screen2.png
		pdx\screen3.png = pdx\screen3.png
	EndProjectSection
EndProject
Global
	GlobalSection(SolutionConfigurationPlatforms) = preSolution
		Debug|Any CPU = Debug|Any CPU
		Release|Any CPU = Release|Any CPU
	EndGlobalSection
	GlobalSection(SolutionProperties) = preSolution
		HideSolutionNode = FALSE
	EndGlobalSection
	GlobalSection(ProjectConfigurationPlatforms) = postSolution
		{206036BD-D797-4620-A9C2-67AAE4C3D28B}.Debug|Any CPU.ActiveCfg = Debug|Any CPU
		{206036BD-D797-4620-A9C2-67AAE4C3D28B}.Debug|Any CPU.Build.0 = Debug|Any CPU
		{206036BD-D797-4620-A9C2-67AAE4C3D28B}.Release|Any CPU.ActiveCfg = Release|Any CPU
		{206036BD-D797-4620-A9C2-67AAE4C3D28B}.Release|Any CPU.Build.0 = Release|Any CPU
	EndGlobalSection
	GlobalSection(NestedProjects) = preSolution
		{C164A70B-90F3-471A-A81A-B5753E9CF729} = {9F727446-485C-4FA0-860F-F59882BBFD41}
		{C8714B8F-86D0-44D1-8258-CBBA03C2398F} = {C164A70B-90F3-471A-A81A-B5753E9CF729}
		{0945834A-B3A5-4059-93BC-7C24DB6A7991} = {C164A70B-90F3-471A-A81A-B5753E9CF729}
		{303E82DD-D54C-4622-9E59-58A86B78E3B1} = {C164A70B-90F3-471A-A81A-B5753E9CF729}
		{8FB9F365-7B62-4640-8CC7-D3A7462C8321} = {C164A70B-90F3-471A-A81A-B5753E9CF729}
		{23DCA206-54A7-4B2D-88DA-E4C968EB1C7A} = {9F727446-485C-4FA0-860F-F59882BBFD41}
	EndGlobalSection
EndGlobal
